
Microsoft Visual Studio Solution File, Format Version 12.00
# Visual Studio 15
VisualStudioVersion = 15.0.26124.0
MinimumVisualStudioVersion = 15.0.26124.0
Project("{2150E333-8FDC-42A3-9474-1A3956D46DE8}") = "src", "src", "{E5414195-0B21-47FD-AAC7-012AB039A731}"
EndProject
Project("{FAE04EC0-301F-11D3-BF4B-00C04F79EFBC}") = "DotnetPepper.StringExtensions", "src\DotnetPepper.StringExtensions\DotnetPepper.StringExtensions.csproj", "{20C99394-92BA-4256-8300-6180AEDC2B62}"
EndProject
Project("{FAE04EC0-301F-11D3-BF4B-00C04F79EFBC}") = "DotnetPepper.EnumerableExtensions", "src\DotnetPepper.EnumerableExtensions\DotnetPepper.EnumerableExtensions.csproj", "{E5EE7441-3AD1-481B-BB0A-5DE0CD4DE739}"
EndProject
Global
	GlobalSection(SolutionConfigurationPlatforms) = preSolution
		Debug|Any CPU = Debug|Any CPU
		Debug|x64 = Debug|x64
		Debug|x86 = Debug|x86
		Release|Any CPU = Release|Any CPU
		Release|x64 = Release|x64
		Release|x86 = Release|x86
	EndGlobalSection
	GlobalSection(SolutionProperties) = preSolution
		HideSolutionNode = FALSE
	EndGlobalSection
	GlobalSection(ProjectConfigurationPlatforms) = postSolution
		{20C99394-92BA-4256-8300-6180AEDC2B62}.Debug|Any CPU.ActiveCfg = Debug|Any CPU
		{20C99394-92BA-4256-8300-6180AEDC2B62}.Debug|Any CPU.Build.0 = Debug|Any CPU
		{20C99394-92BA-4256-8300-6180AEDC2B62}.Debug|x64.ActiveCfg = Debug|Any CPU
		{20C99394-92BA-4256-8300-6180AEDC2B62}.Debug|x64.Build.0 = Debug|Any CPU
		{20C99394-92BA-4256-8300-6180AEDC2B62}.Debug|x86.ActiveCfg = Debug|Any CPU
		{20C99394-92BA-4256-8300-6180AEDC2B62}.Debug|x86.Build.0 = Debug|Any CPU
		{20C99394-92BA-4256-8300-6180AEDC2B62}.Release|Any CPU.ActiveCfg = Release|Any CPU
		{20C99394-92BA-4256-8300-6180AEDC2B62}.Release|Any CPU.Build.0 = Release|Any CPU
		{20C99394-92BA-4256-8300-6180AEDC2B62}.Release|x64.ActiveCfg = Release|Any CPU
		{20C99394-92BA-4256-8300-6180AEDC2B62}.Release|x64.Build.0 = Release|Any CPU
		{20C99394-92BA-4256-8300-6180AEDC2B62}.Release|x86.ActiveCfg = Release|Any CPU
		{20C99394-92BA-4256-8300-6180AEDC2B62}.Release|x86.Build.0 = Release|Any CPU
		{E5EE7441-3AD1-481B-BB0A-5DE0CD4DE739}.Debug|Any CPU.ActiveCfg = Debug|Any CPU
		{E5EE7441-3AD1-481B-BB0A-5DE0CD4DE739}.Debug|Any CPU.Build.0 = Debug|Any CPU
		{E5EE7441-3AD1-481B-BB0A-5DE0CD4DE739}.Debug|x64.ActiveCfg = Debug|Any CPU
		{E5EE7441-3AD1-481B-BB0A-5DE0CD4DE739}.Debug|x64.Build.0 = Debug|Any CPU
		{E5EE7441-3AD1-481B-BB0A-5DE0CD4DE739}.Debug|x86.ActiveCfg = Debug|Any CPU
		{E5EE7441-3AD1-481B-BB0A-5DE0CD4DE739}.Debug|x86.Build.0 = Debug|Any CPU
		{E5EE7441-3AD1-481B-BB0A-5DE0CD4DE739}.Release|Any CPU.ActiveCfg = Release|Any CPU
		{E5EE7441-3AD1-481B-BB0A-5DE0CD4DE739}.Release|Any CPU.Build.0 = Release|Any CPU
		{E5EE7441-3AD1-481B-BB0A-5DE0CD4DE739}.Release|x64.ActiveCfg = Release|Any CPU
		{E5EE7441-3AD1-481B-BB0A-5DE0CD4DE739}.Release|x64.Build.0 = Release|Any CPU
		{E5EE7441-3AD1-481B-BB0A-5DE0CD4DE739}.Release|x86.ActiveCfg = Release|Any CPU
		{E5EE7441-3AD1-481B-BB0A-5DE0CD4DE739}.Release|x86.Build.0 = Release|Any CPU
	EndGlobalSection
	GlobalSection(NestedProjects) = preSolution
		{20C99394-92BA-4256-8300-6180AEDC2B62} = {E5414195-0B21-47FD-AAC7-012AB039A731}
		{E5EE7441-3AD1-481B-BB0A-5DE0CD4DE739} = {E5414195-0B21-47FD-AAC7-012AB039A731}
	EndGlobalSection
EndGlobal
